
Microsoft Visual Studio Solution File, Format Version 12.00
# Visual Studio Version 17
VisualStudioVersion = 17.6.33829.357
MinimumVisualStudioVersion = 10.0.40219.1
Project("{FAE04EC0-301F-11D3-BF4B-00C04F79EFBC}") = "BookAuthor", "BookAuthor.csproj", "{1A78277D-6756-4A68-83CF-009D0A25A249}"
EndProject
Project("{FAE04EC0-301F-11D3-BF4B-00C04F79EFBC}") = "BLL", "..\BLL\BLL.csproj", "{236349F5-86BA-4B5B-9DC2-A66E37BF7BDA}"
EndProject
Project("{FAE04EC0-301F-11D3-BF4B-00C04F79EFBC}") = "DAL", "..\DAL\DAL.csproj", "{6053DA5A-F624-4903-A003-699B507F48EA}"
EndProject
Global
	GlobalSection(SolutionConfigurationPlatforms) = preSolution
		Debug|Any CPU = Debug|Any CPU
		Release|Any CPU = Release|Any CPU
	EndGlobalSection
	GlobalSection(ProjectConfigurationPlatforms) = postSolution
		{1A78277D-6756-4A68-83CF-009D0A25A249}.Debug|Any CPU.ActiveCfg = Debug|Any CPU
		{1A78277D-6756-4A68-83CF-009D0A25A249}.Debug|Any CPU.Build.0 = Debug|Any CPU
		{1A78277D-6756-4A68-83CF-009D0A25A249}.Release|Any CPU.ActiveCfg = Release|Any CPU
		{1A78277D-6756-4A68-83CF-009D0A25A249}.Release|Any CPU.Build.0 = Release|Any CPU
		{236349F5-86BA-4B5B-9DC2-A66E37BF7BDA}.Debug|Any CPU.ActiveCfg = Debug|Any CPU
		{236349F5-86BA-4B5B-9DC2-A66E37BF7BDA}.Debug|Any CPU.Build.0 = Debug|Any CPU
		{236349F5-86BA-4B5B-9DC2-A66E37BF7BDA}.Release|Any CPU.ActiveCfg = Release|Any CPU
		{236349F5-86BA-4B5B-9DC2-A66E37BF7BDA}.Release|Any CPU.Build.0 = Release|Any CPU
		{6053DA5A-F624-4903-A003-699B507F48EA}.Debug|Any CPU.ActiveCfg = Debug|Any CPU
		{6053DA5A-F624-4903-A003-699B507F48EA}.Debug|Any CPU.Build.0 = Debug|Any CPU
		{6053DA5A-F624-4903-A003-699B507F48EA}.Release|Any CPU.ActiveCfg = Release|Any CPU
		{6053DA5A-F624-4903-A003-699B507F48EA}.Release|Any CPU.Build.0 = Release|Any CPU
	EndGlobalSection
	GlobalSection(SolutionProperties) = preSolution
		HideSolutionNode = FALSE
	EndGlobalSection
	GlobalSection(ExtensibilityGlobals) = postSolution
		SolutionGuid = {0B2FEBFE-82E2-4476-9012-C51604BADB0A}
	EndGlobalSection
EndGlobal
